
Microsoft Visual Studio Solution File, Format Version 12.00
# Visual Studio Version 17
VisualStudioVersion = 17.8.34316.72
MinimumVisualStudioVersion = 10.0.40219.1
Project("{9A19103F-16F7-4668-BE54-9A1E7A4F7556}") = "Application", "Ecommerce\Application.csproj", "{F64F354D-209E-4795-A9FF-4D1F71B01463}"
EndProject
Project("{9A19103F-16F7-4668-BE54-9A1E7A4F7556}") = "CrossCutting", "CrossCutting\CrossCutting.csproj", "{3F0339A1-E85B-4544-B244-A9E6C9D478E0}"
EndProject
Project("{9A19103F-16F7-4668-BE54-9A1E7A4F7556}") = "Data", "Data\Data.csproj", "{AC17E8C2-2D32-41FF-8963-8134809B9BBE}"
EndProject
Project("{9A19103F-16F7-4668-BE54-9A1E7A4F7556}") = "Domain", "Domain\Domain.csproj", "{C7AC60CD-0AB8-4306-8752-E2F7A98226D6}"
EndProject
Project("{9A19103F-16F7-4668-BE54-9A1E7A4F7556}") = "Service", "Service\Service.csproj", "{4DBA6B3E-637D-4159-9269-FCA2B40F48CD}"
EndProject
Global
	GlobalSection(SolutionConfigurationPlatforms) = preSolution
		Debug|Any CPU = Debug|Any CPU
		Release|Any CPU = Release|Any CPU
	EndGlobalSection
	GlobalSection(ProjectConfigurationPlatforms) = postSolution
		{F64F354D-209E-4795-A9FF-4D1F71B01463}.Debug|Any CPU.ActiveCfg = Debug|Any CPU
		{F64F354D-209E-4795-A9FF-4D1F71B01463}.Debug|Any CPU.Build.0 = Debug|Any CPU
		{F64F354D-209E-4795-A9FF-4D1F71B01463}.Release|Any CPU.ActiveCfg = Release|Any CPU
		{F64F354D-209E-4795-A9FF-4D1F71B01463}.Release|Any CPU.Build.0 = Release|Any CPU
		{3F0339A1-E85B-4544-B244-A9E6C9D478E0}.Debug|Any CPU.ActiveCfg = Debug|Any CPU
		{3F0339A1-E85B-4544-B244-A9E6C9D478E0}.Debug|Any CPU.Build.0 = Debug|Any CPU
		{3F0339A1-E85B-4544-B244-A9E6C9D478E0}.Release|Any CPU.ActiveCfg = Release|Any CPU
		{3F0339A1-E85B-4544-B244-A9E6C9D478E0}.Release|Any CPU.Build.0 = Release|Any CPU
		{AC17E8C2-2D32-41FF-8963-8134809B9BBE}.Debug|Any CPU.ActiveCfg = Debug|Any CPU
		{AC17E8C2-2D32-41FF-8963-8134809B9BBE}.Debug|Any CPU.Build.0 = Debug|Any CPU
		{AC17E8C2-2D32-41FF-8963-8134809B9BBE}.Release|Any CPU.ActiveCfg = Release|Any CPU
		{AC17E8C2-2D32-41FF-8963-8134809B9BBE}.Release|Any CPU.Build.0 = Release|Any CPU
		{C7AC60CD-0AB8-4306-8752-E2F7A98226D6}.Debug|Any CPU.ActiveCfg = Debug|Any CPU
		{C7AC60CD-0AB8-4306-8752-E2F7A98226D6}.Debug|Any CPU.Build.0 = Debug|Any CPU
		{C7AC60CD-0AB8-4306-8752-E2F7A98226D6}.Release|Any CPU.ActiveCfg = Release|Any CPU
		{C7AC60CD-0AB8-4306-8752-E2F7A98226D6}.Release|Any CPU.Build.0 = Release|Any CPU
		{4DBA6B3E-637D-4159-9269-FCA2B40F48CD}.Debug|Any CPU.ActiveCfg = Debug|Any CPU
		{4DBA6B3E-637D-4159-9269-FCA2B40F48CD}.Debug|Any CPU.Build.0 = Debug|Any CPU
		{4DBA6B3E-637D-4159-9269-FCA2B40F48CD}.Release|Any CPU.ActiveCfg = Release|Any CPU
		{4DBA6B3E-637D-4159-9269-FCA2B40F48CD}.Release|Any CPU.Build.0 = Release|Any CPU
	EndGlobalSection
	GlobalSection(SolutionProperties) = preSolution
		HideSolutionNode = FALSE
	EndGlobalSection
	GlobalSection(ExtensibilityGlobals) = postSolution
		SolutionGuid = {158B75B0-4653-4900-9EE2-6B8DD99DC848}
	EndGlobalSection
EndGlobal
